
Microsoft Visual Studio Solution File, Format Version 12.00
# Visual Studio Version 17
VisualStudioVersion = 17.8.34601.278
MinimumVisualStudioVersion = 10.0.40219.1
Project("{9A19103F-16F7-4668-BE54-9A1E7A4F7556}") = "HotelProject.Models", "HotelProject.Models\HotelProject.Models.csproj", "{2AFECF53-EFCB-4ED6-B9DF-36C74E67B09A}"
EndProject
Project("{9A19103F-16F7-4668-BE54-9A1E7A4F7556}") = "HotelProject.Data", "HotelProject.Data\HotelProject.Data.csproj", "{34D2A857-DAC2-45DA-A109-DAEEAEF9186E}"
EndProject
Project("{9A19103F-16F7-4668-BE54-9A1E7A4F7556}") = "HotelProject.Repository", "HotelProject.Repository\HotelProject.Repository.csproj", "{986C6A0F-4568-4CDA-BDEB-3B203E18BC63}"
	ProjectSection(ProjectDependencies) = postProject
		{34D2A857-DAC2-45DA-A109-DAEEAEF9186E} = {34D2A857-DAC2-45DA-A109-DAEEAEF9186E}
	EndProjectSection
EndProject
Project("{9A19103F-16F7-4668-BE54-9A1E7A4F7556}") = "HotelProject.Web", "HotelProject.Web\HotelProject.Web.csproj", "{16DF2BA4-CDBF-4BF4-9C40-8D6AAAE17530}"
EndProject
Project("{9A19103F-16F7-4668-BE54-9A1E7A4F7556}") = "HotelProjectAPI", "HotelProjectAPI\HotelProjectAPI.csproj", "{9530F57D-8D60-4214-9929-26CEF4D63EA8}"
EndProject
Project("{2150E333-8FDC-42A3-9474-1A3956D46DE8}") = "Domain", "Domain", "{7D9BA678-9BA8-4B64-BC8C-279389410E59}"
EndProject
Project("{2150E333-8FDC-42A3-9474-1A3956D46DE8}") = "Infrastructure", "Infrastructure", "{97F8B9DF-2C62-4C0B-9D8D-435E66FED288}"
EndProject
Project("{2150E333-8FDC-42A3-9474-1A3956D46DE8}") = "Persistance", "Persistance", "{6BEADF42-D79B-4849-B449-82B79DF55FC7}"
EndProject
Project("{2150E333-8FDC-42A3-9474-1A3956D46DE8}") = "Presentation", "Presentation", "{293AAB16-605A-4D85-BD9E-3D95201EF306}"
EndProject
Project("{2150E333-8FDC-42A3-9474-1A3956D46DE8}") = "Application", "Application", "{6ED2D059-357A-4571-93F7-CDFD1A77F3DB}"
EndProject
Project("{FAE04EC0-301F-11D3-BF4B-00C04F79EFBC}") = "HotelProject.Contracts", "HotelProject.Contracts\HotelProject.Contracts.csproj", "{1FC09AF9-26CF-4794-AB1D-C0E5B5F77AB5}"
EndProject
Global
	GlobalSection(SolutionConfigurationPlatforms) = preSolution
		Debug|Any CPU = Debug|Any CPU
		Release|Any CPU = Release|Any CPU
	EndGlobalSection
	GlobalSection(ProjectConfigurationPlatforms) = postSolution
		{2AFECF53-EFCB-4ED6-B9DF-36C74E67B09A}.Debug|Any CPU.ActiveCfg = Debug|Any CPU
		{2AFECF53-EFCB-4ED6-B9DF-36C74E67B09A}.Debug|Any CPU.Build.0 = Debug|Any CPU
		{2AFECF53-EFCB-4ED6-B9DF-36C74E67B09A}.Release|Any CPU.ActiveCfg = Release|Any CPU
		{2AFECF53-EFCB-4ED6-B9DF-36C74E67B09A}.Release|Any CPU.Build.0 = Release|Any CPU
		{34D2A857-DAC2-45DA-A109-DAEEAEF9186E}.Debug|Any CPU.ActiveCfg = Debug|Any CPU
		{34D2A857-DAC2-45DA-A109-DAEEAEF9186E}.Debug|Any CPU.Build.0 = Debug|Any CPU
		{34D2A857-DAC2-45DA-A109-DAEEAEF9186E}.Release|Any CPU.ActiveCfg = Release|Any CPU
		{34D2A857-DAC2-45DA-A109-DAEEAEF9186E}.Release|Any CPU.Build.0 = Release|Any CPU
		{986C6A0F-4568-4CDA-BDEB-3B203E18BC63}.Debug|Any CPU.ActiveCfg = Debug|Any CPU
		{986C6A0F-4568-4CDA-BDEB-3B203E18BC63}.Debug|Any CPU.Build.0 = Debug|Any CPU
		{986C6A0F-4568-4CDA-BDEB-3B203E18BC63}.Release|Any CPU.ActiveCfg = Release|Any CPU
		{986C6A0F-4568-4CDA-BDEB-3B203E18BC63}.Release|Any CPU.Build.0 = Release|Any CPU
		{16DF2BA4-CDBF-4BF4-9C40-8D6AAAE17530}.Debug|Any CPU.ActiveCfg = Debug|Any CPU
		{16DF2BA4-CDBF-4BF4-9C40-8D6AAAE17530}.Debug|Any CPU.Build.0 = Debug|Any CPU
		{16DF2BA4-CDBF-4BF4-9C40-8D6AAAE17530}.Release|Any CPU.ActiveCfg = Release|Any CPU
		{16DF2BA4-CDBF-4BF4-9C40-8D6AAAE17530}.Release|Any CPU.Build.0 = Release|Any CPU
		{9530F57D-8D60-4214-9929-26CEF4D63EA8}.Debug|Any CPU.ActiveCfg = Debug|Any CPU
		{9530F57D-8D60-4214-9929-26CEF4D63EA8}.Debug|Any CPU.Build.0 = Debug|Any CPU
		{9530F57D-8D60-4214-9929-26CEF4D63EA8}.Release|Any CPU.ActiveCfg = Release|Any CPU
		{9530F57D-8D60-4214-9929-26CEF4D63EA8}.Release|Any CPU.Build.0 = Release|Any CPU
		{1FC09AF9-26CF-4794-AB1D-C0E5B5F77AB5}.Debug|Any CPU.ActiveCfg = Debug|Any CPU
		{1FC09AF9-26CF-4794-AB1D-C0E5B5F77AB5}.Debug|Any CPU.Build.0 = Debug|Any CPU
		{1FC09AF9-26CF-4794-AB1D-C0E5B5F77AB5}.Release|Any CPU.ActiveCfg = Release|Any CPU
		{1FC09AF9-26CF-4794-AB1D-C0E5B5F77AB5}.Release|Any CPU.Build.0 = Release|Any CPU
	EndGlobalSection
	GlobalSection(SolutionProperties) = preSolution
		HideSolutionNode = FALSE
	EndGlobalSection
	GlobalSection(NestedProjects) = preSolution
		{2AFECF53-EFCB-4ED6-B9DF-36C74E67B09A} = {7D9BA678-9BA8-4B64-BC8C-279389410E59}
		{34D2A857-DAC2-45DA-A109-DAEEAEF9186E} = {6BEADF42-D79B-4849-B449-82B79DF55FC7}
		{986C6A0F-4568-4CDA-BDEB-3B203E18BC63} = {6BEADF42-D79B-4849-B449-82B79DF55FC7}
		{16DF2BA4-CDBF-4BF4-9C40-8D6AAAE17530} = {293AAB16-605A-4D85-BD9E-3D95201EF306}
		{9530F57D-8D60-4214-9929-26CEF4D63EA8} = {293AAB16-605A-4D85-BD9E-3D95201EF306}
		{6BEADF42-D79B-4849-B449-82B79DF55FC7} = {97F8B9DF-2C62-4C0B-9D8D-435E66FED288}
		{1FC09AF9-26CF-4794-AB1D-C0E5B5F77AB5} = {6ED2D059-357A-4571-93F7-CDFD1A77F3DB}
	EndGlobalSection
	GlobalSection(ExtensibilityGlobals) = postSolution
		SolutionGuid = {5573CAE3-4C68-4E16-9295-D337AF96CF3C}
	EndGlobalSection
EndGlobal
